
Microsoft Visual Studio Solution File, Format Version 12.00
# Visual Studio 15
VisualStudioVersion = 15.0.27130.2010
MinimumVisualStudioVersion = 10.0.40219.1
Project("{FAE04EC0-301F-11D3-BF4B-00C04F79EFBC}") = "NameSort", "NameSort\NameSort.csproj", "{CC22A6AA-DF60-43A1-9031-5C85664807B6}"
EndProject
Project("{FAE04EC0-301F-11D3-BF4B-00C04F79EFBC}") = "NameSort.Test", "NameSort.Test\NameSort.Test.csproj", "{BB76FDE4-1EFD-4789-BF34-16A85A2C4EB9}"
EndProject
Global
	GlobalSection(SolutionConfigurationPlatforms) = preSolution
		Debug|Any CPU = Debug|Any CPU
		Release|Any CPU = Release|Any CPU
	EndGlobalSection
	GlobalSection(ProjectConfigurationPlatforms) = postSolution
		{CC22A6AA-DF60-43A1-9031-5C85664807B6}.Debug|Any CPU.ActiveCfg = Debug|Any CPU
		{CC22A6AA-DF60-43A1-9031-5C85664807B6}.Debug|Any CPU.Build.0 = Debug|Any CPU
		{CC22A6AA-DF60-43A1-9031-5C85664807B6}.Release|Any CPU.ActiveCfg = Release|Any CPU
		{CC22A6AA-DF60-43A1-9031-5C85664807B6}.Release|Any CPU.Build.0 = Release|Any CPU
		{BB76FDE4-1EFD-4789-BF34-16A85A2C4EB9}.Debug|Any CPU.ActiveCfg = Debug|Any CPU
		{BB76FDE4-1EFD-4789-BF34-16A85A2C4EB9}.Debug|Any CPU.Build.0 = Debug|Any CPU
		{BB76FDE4-1EFD-4789-BF34-16A85A2C4EB9}.Release|Any CPU.ActiveCfg = Release|Any CPU
		{BB76FDE4-1EFD-4789-BF34-16A85A2C4EB9}.Release|Any CPU.Build.0 = Release|Any CPU
	EndGlobalSection
	GlobalSection(SolutionProperties) = preSolution
		HideSolutionNode = FALSE
	EndGlobalSection
	GlobalSection(ExtensibilityGlobals) = postSolution
		SolutionGuid = {3CA24330-62A1-4955-947A-DA229569B37A}
	EndGlobalSection
EndGlobal
